{
  "name": "fp-fundamentals",
  "version": "1.0.0",
  "lockfileVersion": 2,
  "requires": true,
  "packages": {
    "": {
      "name": "fp-fundamentals",
      "version": "1.0.0",
      "license": "ISC",
      "dependencies": {
        "rambda": "^7.5.0",
        "types": "^0.1.1"
      }
    },
    "node_modules/rambda": {
      "version": "7.5.0",
      "resolved": "https://registry.npmjs.org/rambda/-/rambda-7.5.0.tgz",
      "integrity": "sha512-y/M9weqWAH4iopRd7EHDEQQvpFPHj1AA3oHozE9tfITHUtTR7Z9PSlIRRG2l1GuW7sefC1cXFfIcF+cgnShdBA=="
    },
    "node_modules/types": {
      "version": "0.1.1",
      "resolved": "https://registry.npmjs.org/types/-/types-0.1.1.tgz",
      "integrity": "sha512-JuntZtJj4MKLE9x/XBs7IjsznYhzETwr34pw3XJTKvgYtAMdeMG+o8x8U85E5Lm6eCPa1DdOdGVsHMwq4ZnZAg==",
      "engines": {
        "node": ">= 0.6.0"
      }
    }
  },
  "dependencies": {
    "rambda": {
      "version": "7.5.0",
      "resolved": "https://registry.npmjs.org/rambda/-/rambda-7.5.0.tgz",
      "integrity": "sha512-y/M9weqWAH4iopRd7EHDEQQvpFPHj1AA3oHozE9tfITHUtTR7Z9PSlIRRG2l1GuW7sefC1cXFfIcF+cgnShdBA=="
    },
    "types": {
      "version": "0.1.1",
      "resolved": "https://registry.npmjs.org/types/-/types-0.1.1.tgz",
      "integrity": "sha512-JuntZtJj4MKLE9x/XBs7IjsznYhzETwr34pw3XJTKvgYtAMdeMG+o8x8U85E5Lm6eCPa1DdOdGVsHMwq4ZnZAg=="
    }
  }
}
